
Microsoft Visual Studio Solution File, Format Version 12.00
# Visual Studio Version 16
VisualStudioVersion = 16.0.31729.503
MinimumVisualStudioVersion = 10.0.40219.1
Project("{FAE04EC0-301F-11D3-BF4B-00C04F79EFBC}") = "HW_Rom", "HW_Rom.csproj", "{851AA381-DAFE-40A1-B531-9ECB27CB9F14}"
EndProject
Global
	GlobalSection(SolutionConfigurationPlatforms) = preSolution
		Debug|Any CPU = Debug|Any CPU
		Release|Any CPU = Release|Any CPU
	EndGlobalSection
	GlobalSection(ProjectConfigurationPlatforms) = postSolution
		{851AA381-DAFE-40A1-B531-9ECB27CB9F14}.Debug|Any CPU.ActiveCfg = Debug|Any CPU
		{851AA381-DAFE-40A1-B531-9ECB27CB9F14}.Debug|Any CPU.Build.0 = Debug|Any CPU
		{851AA381-DAFE-40A1-B531-9ECB27CB9F14}.Release|Any CPU.ActiveCfg = Release|Any CPU
		{851AA381-DAFE-40A1-B531-9ECB27CB9F14}.Release|Any CPU.Build.0 = Release|Any CPU
	EndGlobalSection
	GlobalSection(SolutionProperties) = preSolution
		HideSolutionNode = FALSE
	EndGlobalSection
	GlobalSection(ExtensibilityGlobals) = postSolution
		SolutionGuid = {24947097-6FE7-4175-AB12-CF412746B0AC}
	EndGlobalSection
EndGlobal
