
Microsoft Visual Studio Solution File, Format Version 12.00
# Visual Studio Version 16
VisualStudioVersion = 16.0.31729.503
MinimumVisualStudioVersion = 10.0.40219.1
Project("{FAE04EC0-301F-11D3-BF4B-00C04F79EFBC}") = "HW_LN", "HW_LN.csproj", "{C898847F-6DB8-498F-B49F-EAB0BE24B253}"
EndProject
Global
	GlobalSection(SolutionConfigurationPlatforms) = preSolution
		Debug|Any CPU = Debug|Any CPU
		Release|Any CPU = Release|Any CPU
	EndGlobalSection
	GlobalSection(ProjectConfigurationPlatforms) = postSolution
		{C898847F-6DB8-498F-B49F-EAB0BE24B253}.Debug|Any CPU.ActiveCfg = Debug|Any CPU
		{C898847F-6DB8-498F-B49F-EAB0BE24B253}.Debug|Any CPU.Build.0 = Debug|Any CPU
		{C898847F-6DB8-498F-B49F-EAB0BE24B253}.Release|Any CPU.ActiveCfg = Release|Any CPU
		{C898847F-6DB8-498F-B49F-EAB0BE24B253}.Release|Any CPU.Build.0 = Release|Any CPU
	EndGlobalSection
	GlobalSection(SolutionProperties) = preSolution
		HideSolutionNode = FALSE
	EndGlobalSection
	GlobalSection(ExtensibilityGlobals) = postSolution
		SolutionGuid = {8BA5C282-94DC-450A-9217-AE07800A52D9}
	EndGlobalSection
EndGlobal
